
Microsoft Visual Studio Solution File, Format Version 12.00
# Visual Studio Version 16
VisualStudioVersion = 16.0.31313.79
MinimumVisualStudioVersion = 10.0.40219.1
Project("{8BC9CEB8-8B4A-11D0-8D11-00A0C91BC942}") = "19.04.22", "19.04.22\19.04.22.vcxproj", "{51648FA1-7F33-4735-863C-26DBD6C97B28}"
EndProject
Global
	GlobalSection(SolutionConfigurationPlatforms) = preSolution
		Debug|x64 = Debug|x64
		Debug|x86 = Debug|x86
		Release|x64 = Release|x64
		Release|x86 = Release|x86
	EndGlobalSection
	GlobalSection(ProjectConfigurationPlatforms) = postSolution
		{51648FA1-7F33-4735-863C-26DBD6C97B28}.Debug|x64.ActiveCfg = Debug|x64
		{51648FA1-7F33-4735-863C-26DBD6C97B28}.Debug|x64.Build.0 = Debug|x64
		{51648FA1-7F33-4735-863C-26DBD6C97B28}.Debug|x86.ActiveCfg = Debug|Win32
		{51648FA1-7F33-4735-863C-26DBD6C97B28}.Debug|x86.Build.0 = Debug|Win32
		{51648FA1-7F33-4735-863C-26DBD6C97B28}.Release|x64.ActiveCfg = Release|x64
		{51648FA1-7F33-4735-863C-26DBD6C97B28}.Release|x64.Build.0 = Release|x64
		{51648FA1-7F33-4735-863C-26DBD6C97B28}.Release|x86.ActiveCfg = Release|Win32
		{51648FA1-7F33-4735-863C-26DBD6C97B28}.Release|x86.Build.0 = Release|Win32
	EndGlobalSection
	GlobalSection(SolutionProperties) = preSolution
		HideSolutionNode = FALSE
	EndGlobalSection
	GlobalSection(ExtensibilityGlobals) = postSolution
		SolutionGuid = {E4AE8004-81DF-4D72-8E7B-9131970ACF57}
	EndGlobalSection
EndGlobal
